
Microsoft Visual Studio Solution File, Format Version 12.00
# Visual Studio Version 16
VisualStudioVersion = 16.0.29509.3
MinimumVisualStudioVersion = 10.0.40219.1
Project("{FAE04EC0-301F-11D3-BF4B-00C04F79EFBC}") = "HotelSystem", "HotelSystem\HotelSystem.csproj", "{7AEF66AB-F802-4E1D-BC2F-5924C53F4A12}"
EndProject
Project("{FAE04EC0-301F-11D3-BF4B-00C04F79EFBC}") = "Helper", "Helper\Helper.csproj", "{63C0BC10-EEF7-4807-BB4C-11DED90E6724}"
EndProject
Project("{FAE04EC0-301F-11D3-BF4B-00C04F79EFBC}") = "AdminPanel", "AdminPanel\AdminPanel.csproj", "{F49E04CD-5889-490E-8C61-1BE3798F4650}"
EndProject
Project("{FAE04EC0-301F-11D3-BF4B-00C04F79EFBC}") = "HotelReservationSystem", "HotelReservationSystem\HotelReservationSystem.csproj", "{E9E20663-F236-47CB-80CA-9F4036E928B7}"
EndProject
Global
	GlobalSection(SolutionConfigurationPlatforms) = preSolution
		Debug|Any CPU = Debug|Any CPU
		Release|Any CPU = Release|Any CPU
	EndGlobalSection
	GlobalSection(ProjectConfigurationPlatforms) = postSolution
		{7AEF66AB-F802-4E1D-BC2F-5924C53F4A12}.Debug|Any CPU.ActiveCfg = Debug|Any CPU
		{7AEF66AB-F802-4E1D-BC2F-5924C53F4A12}.Debug|Any CPU.Build.0 = Debug|Any CPU
		{7AEF66AB-F802-4E1D-BC2F-5924C53F4A12}.Release|Any CPU.ActiveCfg = Release|Any CPU
		{7AEF66AB-F802-4E1D-BC2F-5924C53F4A12}.Release|Any CPU.Build.0 = Release|Any CPU
		{63C0BC10-EEF7-4807-BB4C-11DED90E6724}.Debug|Any CPU.ActiveCfg = Debug|Any CPU
		{63C0BC10-EEF7-4807-BB4C-11DED90E6724}.Debug|Any CPU.Build.0 = Debug|Any CPU
		{63C0BC10-EEF7-4807-BB4C-11DED90E6724}.Release|Any CPU.ActiveCfg = Release|Any CPU
		{63C0BC10-EEF7-4807-BB4C-11DED90E6724}.Release|Any CPU.Build.0 = Release|Any CPU
		{F49E04CD-5889-490E-8C61-1BE3798F4650}.Debug|Any CPU.ActiveCfg = Debug|Any CPU
		{F49E04CD-5889-490E-8C61-1BE3798F4650}.Debug|Any CPU.Build.0 = Debug|Any CPU
		{F49E04CD-5889-490E-8C61-1BE3798F4650}.Release|Any CPU.ActiveCfg = Release|Any CPU
		{F49E04CD-5889-490E-8C61-1BE3798F4650}.Release|Any CPU.Build.0 = Release|Any CPU
		{E9E20663-F236-47CB-80CA-9F4036E928B7}.Debug|Any CPU.ActiveCfg = Debug|Any CPU
		{E9E20663-F236-47CB-80CA-9F4036E928B7}.Debug|Any CPU.Build.0 = Debug|Any CPU
		{E9E20663-F236-47CB-80CA-9F4036E928B7}.Release|Any CPU.ActiveCfg = Release|Any CPU
		{E9E20663-F236-47CB-80CA-9F4036E928B7}.Release|Any CPU.Build.0 = Release|Any CPU
	EndGlobalSection
	GlobalSection(SolutionProperties) = preSolution
		HideSolutionNode = FALSE
	EndGlobalSection
	GlobalSection(ExtensibilityGlobals) = postSolution
		SolutionGuid = {F325267E-18D6-40B6-BC69-5CD6B8E11CD8}
	EndGlobalSection
EndGlobal
